
Microsoft Visual Studio Solution File, Format Version 12.00
# Visual Studio Version 17
VisualStudioVersion = 17.14.36511.14 d17.14
MinimumVisualStudioVersion = 10.0.40219.1
Project("{FAE04EC0-301F-11D3-BF4B-00C04F79EFBC}") = "todoapp_backend", "todoapp_backend.csproj", "{EC0478E5-7A85-41D7-83B4-A24F05B13F24}"
EndProject
Project("{FAE04EC0-301F-11D3-BF4B-00C04F79EFBC}") = "todoapp_backend.Tests", "todoapp_backend.Tests\todoapp_backend.Tests.csproj", "{F521722D-9E42-44D2-8EE7-03A7D9354DB4}"
EndProject
Project("{FAE04EC0-301F-11D3-BF4B-00C04F79EFBC}") = "todoapp_backend.IntegrationTests", "todoapp_backend.IntegrationTests\todoapp_backend.IntegrationTests.csproj", "{E621722D-9E42-44D2-8EE7-03A7D9354DB5}"
EndProject
Global
	GlobalSection(SolutionConfigurationPlatforms) = preSolution
		Debug|Any CPU = Debug|Any CPU
		Release|Any CPU = Release|Any CPU
	EndGlobalSection
	GlobalSection(ProjectConfigurationPlatforms) = postSolution
		{EC0478E5-7A85-41D7-83B4-A24F05B13F24}.Debug|Any CPU.ActiveCfg = Debug|Any CPU
		{EC0478E5-7A85-41D7-83B4-A24F05B13F24}.Debug|Any CPU.Build.0 = Debug|Any CPU
		{EC0478E5-7A85-41D7-83B4-A24F05B13F24}.Release|Any CPU.ActiveCfg = Release|Any CPU
		{EC0478E5-7A85-41D7-83B4-A24F05B13F24}.Release|Any CPU.Build.0 = Release|Any CPU
		{F521722D-9E42-44D2-8EE7-03A7D9354DB4}.Debug|Any CPU.ActiveCfg = Debug|Any CPU
		{F521722D-9E42-44D2-8EE7-03A7D9354DB4}.Debug|Any CPU.Build.0 = Debug|Any CPU
		{F521722D-9E42-44D2-8EE7-03A7D9354DB4}.Release|Any CPU.ActiveCfg = Release|Any CPU
		{F521722D-9E42-44D2-8EE7-03A7D9354DB4}.Release|Any CPU.Build.0 = Release|Any CPU
		{E621722D-9E42-44D2-8EE7-03A7D9354DB5}.Debug|Any CPU.ActiveCfg = Debug|Any CPU
		{E621722D-9E42-44D2-8EE7-03A7D9354DB5}.Debug|Any CPU.Build.0 = Debug|Any CPU
		{E621722D-9E42-44D2-8EE7-03A7D9354DB5}.Release|Any CPU.ActiveCfg = Release|Any CPU
		{E621722D-9E42-44D2-8EE7-03A7D9354DB5}.Release|Any CPU.Build.0 = Release|Any CPU
	EndGlobalSection
	GlobalSection(SolutionProperties) = preSolution
		HideSolutionNode = FALSE
	EndGlobalSection
	GlobalSection(ExtensibilityGlobals) = postSolution
		SolutionGuid = {72CBEA93-51CF-42CA-90AA-3A09828A3E1A}
	EndGlobalSection
EndGlobal
